
Microsoft Visual Studio Solution File, Format Version 10.00
# Visual Studio 2008
Project("{FAE04EC0-301F-11D3-BF4B-00C04F79EFBC}") = "PlayPen", "src\PlayPen\PlayPen.csproj", "{BA02766A-6D64-4031-9ED7-7747456B99C1}"
EndProject
Project("{FAE04EC0-301F-11D3-BF4B-00C04F79EFBC}") = "PlayPen.UnitTests", "src\PlayPen.UnitTests\PlayPen.UnitTests.csproj", "{8D62E01A-D9E3-45CB-A3FA-E95585E27A02}"
EndProject
Project("{2150E333-8FDC-42A3-9474-1A3956D46DE8}") = "Licenses", "Licenses", "{767550F5-1BBC-40C0-8F4C-9984D4687913}"
	ProjectSection(SolutionItems) = preProject
		LICENSE.txt = LICENSE.txt
		MEF-Preview9-LICENSE.txt = MEF-Preview9-LICENSE.txt
	EndProjectSection
EndProject
Project("{2150E333-8FDC-42A3-9474-1A3956D46DE8}") = "BuildScript", "BuildScript", "{C01C874A-48A2-4EA8-91B7-13B2B7FFEFD4}"
	ProjectSection(SolutionItems) = preProject
		BuildScript.build = BuildScript.build
	EndProjectSection
EndProject
Global
	GlobalSection(SolutionConfigurationPlatforms) = preSolution
		Debug|Any CPU = Debug|Any CPU
		Release|Any CPU = Release|Any CPU
	EndGlobalSection
	GlobalSection(ProjectConfigurationPlatforms) = postSolution
		{BA02766A-6D64-4031-9ED7-7747456B99C1}.Debug|Any CPU.ActiveCfg = Debug|Any CPU
		{BA02766A-6D64-4031-9ED7-7747456B99C1}.Debug|Any CPU.Build.0 = Debug|Any CPU
		{BA02766A-6D64-4031-9ED7-7747456B99C1}.Release|Any CPU.ActiveCfg = Release|Any CPU
		{BA02766A-6D64-4031-9ED7-7747456B99C1}.Release|Any CPU.Build.0 = Release|Any CPU
		{8D62E01A-D9E3-45CB-A3FA-E95585E27A02}.Debug|Any CPU.ActiveCfg = Debug|Any CPU
		{8D62E01A-D9E3-45CB-A3FA-E95585E27A02}.Debug|Any CPU.Build.0 = Debug|Any CPU
		{8D62E01A-D9E3-45CB-A3FA-E95585E27A02}.Release|Any CPU.ActiveCfg = Release|Any CPU
		{8D62E01A-D9E3-45CB-A3FA-E95585E27A02}.Release|Any CPU.Build.0 = Release|Any CPU
	EndGlobalSection
	GlobalSection(SolutionProperties) = preSolution
		HideSolutionNode = FALSE
	EndGlobalSection
EndGlobal
